// !$*UTF8*$!
{
	archiveVersion = 1;
	classes = {
	};
	objectVersion = 50;
	objects = {

/* Begin PBXBuildFile section */
		29FEC2B920F540E4004BC55C /* AppDelegate.swift in Sources */ = {isa = PBXBuildFile; fileRef = 29FEC2B820F540E4004BC55C /* AppDelegate.swift */; };
		29FEC2BB20F540E4004BC55C /* ViewController.swift in Sources */ = {isa = PBXBuildFile; fileRef = 29FEC2BA20F540E4004BC55C /* ViewController.swift */; };
		29FEC2BE20F540E4004BC55C /* Main.storyboard in Resources */ = {isa = PBXBuildFile; fileRef = 29FEC2BC20F540E4004BC55C /* Main.storyboard */; };
		29FEC2C020F540EA004BC55C /* Assets.xcassets in Resources */ = {isa = PBXBuildFile; fileRef = 29FEC2BF20F540EA004BC55C /* Assets.xcassets */; };
		29FEC2C320F540EA004BC55C /* LaunchScreen.storyboard in Resources */ = {isa = PBXBuildFile; fileRef = 29FEC2C120F540EA004BC55C /* LaunchScreen.storyboard */; };
		29FEC2CE20F540EA004BC55C /* TheFoodTests.swift in Sources */ = {isa = PBXBuildFile; fileRef = 29FEC2CD20F540EA004BC55C /* TheFoodTests.swift */; };
/* End PBXBuildFile section */

/* Begin PBXContainerItemProxy section */
		29FEC2CA20F540EA004BC55C /* PBXContainerItemProxy */ = {
			isa = PBXContainerItemProxy;
			containerPortal = 29FEC2AD20F540E4004BC55C /* Project object */;
			proxyType = 1;
			remoteGlobalIDString = 29FEC2B420F540E4004BC55C;
			remoteInfo = TheFood;
		};
/* End PBXContainerItemProxy section */

/* Begin PBXFileReference section */
		29FEC2B520F540E4004BC55C /* TheFood.app */ = {isa = PBXFileReference; explicitFileType = wrapper.application; includeInIndex = 0; path = TheFood.app; sourceTree = BUILT_PRODUCTS_DIR; };
		29FEC2B820F540E4004BC55C /* AppDelegate.swift */ = {isa = PBXFileReference; lastKnownFileType = sourcecode.swift; path = AppDelegate.swift; sourceTree = "<group>"; };
		29FEC2BA20F540E4004BC55C /* ViewController.swift */ = {isa = PBXFileReference; lastKnownFileType = sourcecode.swift; path = ViewController.swift; sourceTree = "<group>"; };
		29FEC2BD20F540E4004BC55C /* Base */ = {isa = PBXFileReference; lastKnownFileType = file.storyboard; name = Base; path = Base.lproj/Main.storyboard; sourceTree = "<group>"; };
		29FEC2BF20F540EA004BC55C /* Assets.xcassets */ = {isa = PBXFileReference; lastKnownFileType = folder.assetcatalog; path = Assets.xcassets; sourceTree = "<group>"; };
		29FEC2C220F540EA004BC55C /* Base */ = {isa = PBXFileReference; lastKnownFileType = file.storyboard; name = Base; path = Base.lproj/LaunchScreen.storyboard; sourceTree = "<group>"; };
		29FEC2C420F540EA004BC55C /* Info.plist */ = {isa = PBXFileReference; lastKnownFileType = text.plist.xml; path = Info.plist; sourceTree = "<group>"; };
		29FEC2C920F540EA004BC55C /* TheFoodTests.xctest */ = {isa = PBXFileReference; explicitFileType = wrapper.cfbundle; includeInIndex = 0; path = TheFoodTests.xctest; sourceTree = BUILT_PRODUCTS_DIR; };
		29FEC2CD20F540EA004BC55C /* TheFoodTests.swift */ = {isa = PBXFileReference; lastKnownFileType = sourcecode.swift; path = TheFoodTests.swift; sourceTree = "<group>"; };
		29FEC2CF20F540EA004BC55C /* Info.plist */ = {isa = PBXFileReference; lastKnownFileType = text.plist.xml; path = Info.plist; sourceTree = "<group>"; };
/* End PBXFileReference section */

/* Begin PBXFrameworksBuildPhase section */
		29FEC2B220F540E4004BC55C /* Frameworks */ = {
			isa = PBXFrameworksBuildPhase;
			buildActionMask = 2147483647;
			files = (
			);
			runOnlyForDeploymentPostprocessing = 0;
		};
		29FEC2C620F540EA004BC55C /* Frameworks */ = {
			isa = PBXFrameworksBuildPhase;
			buildActionMask = 2147483647;
			files = (
			);
			runOnlyForDeploymentPostprocessing = 0;
		};
/* End PBXFrameworksBuildPhase section */

/* Begin PBXGroup section */
		29FEC2AC20F540E4004BC55C = {
			isa = PBXGroup;
			children = (
				29FEC2B720F540E4004BC55C /* TheFood */,
				29FEC2CC20F540EA004BC55C /* TheFoodTests */,
				29FEC2B620F540E4004BC55C /* Products */,
			);
			sourceTree = "<group>";
		};
		29FEC2B620F540E4004BC55C /* Products */ = {
			isa = PBXGroup;
			children = (
				29FEC2B520F540E4004BC55C /* TheFood.app */,
				29FEC2C920F540EA004BC55C /* TheFoodTests.xctest */,
			);
			name = Products;
			sourceTree = "<group>";
		};
		29FEC2B720F540E4004BC55C /* TheFood */ = {
			isa = PBXGroup;
			children = (
				29FEC2B820F540E4004BC55C /* AppDelegate.swift */,
				29FEC2BA20F540E4004BC55C /* ViewController.swift */,
				29FEC2BC20F540E4004BC55C /* Main.storyboard */,
				29FEC2BF20F540EA004BC55C /* Assets.xcassets */,
				29FEC2C120F540EA004BC55C /* LaunchScreen.storyboard */,
				29FEC2C420F540EA004BC55C /* Info.plist */,
			);
			path = TheFood;
			sourceTree = "<group>";
		};
		29FEC2CC20F540EA004BC55C /* TheFoodTests */ = {
			isa = PBXGroup;
			children = (
				29FEC2CD20F540EA004BC55C /* TheFoodTests.swift */,
				29FEC2CF20F540EA004BC55C /* Info.plist */,
			);
			path = TheFoodTests;
			sourceTree = "<group>";
		};
/* End PBXGroup section */

/* Begin PBXNativeTarget section */
		29FEC2B420F540E4004BC55C /* TheFood */ = {
			isa = PBXNativeTarget;
			buildConfigurationList = 29FEC2D220F540EA004BC55C /* Build configuration list for PBXNativeTarget "TheFood" */;
			buildPhases = (
				29FEC2B120F540E4004BC55C /* Sources */,
				29FEC2B220F540E4004BC55C /* Frameworks */,
				29FEC2B320F540E4004BC55C /* Resources */,
			);
			buildRules = (
			);
			dependencies = (
			);
			name = TheFood;
			productName = TheFood;
			productReference = 29FEC2B520F540E4004BC55C /* TheFood.app */;
			productType = "com.apple.product-type.application";
		};
		29FEC2C820F540EA004BC55C /* TheFoodTests */ = {
			isa = PBXNativeTarget;
			buildConfigurationList = 29FEC2D520F540EA004BC55C /* Build configuration list for PBXNativeTarget "TheFoodTests" */;
			buildPhases = (
				29FEC2C520F540EA004BC55C /* Sources */,
				29FEC2C620F540EA004BC55C /* Frameworks */,
				29FEC2C720F540EA004BC55C /* Resources */,
			);
			buildRules = (
			);
			dependencies = (
				29FEC2CB20F540EA004BC55C /* PBXTargetDependency */,
			);
			name = TheFoodTests;
			productName = TheFoodTests;
			productReference = 29FEC2C920F540EA004BC55C /* TheFoodTests.xctest */;
			productType = "com.apple.product-type.bundle.unit-test";
		};
/* End PBXNativeTarget section */

/* Begin PBXProject section */
		29FEC2AD20F540E4004BC55C /* Project object */ = {
			isa = PBXProject;
			attributes = {
				LastSwiftUpdateCheck = 0940;
				LastUpgradeCheck = 0940;
				ORGANIZATIONNAME = Shawna;
				TargetAttributes = {
					29FEC2B420F540E4004BC55C = {
						CreatedOnToolsVersion = 9.4.1;
					};
					29FEC2C820F540EA004BC55C = {
						CreatedOnToolsVersion = 9.4.1;
						TestTargetID = 29FEC2B420F540E4004BC55C;
					};
				};
			};
			buildConfigurationList = 29FEC2B020F540E4004BC55C /* Build configuration list for PBXProject "TheFood" */;
			compatibilityVersion = "Xcode 9.3";
			developmentRegion = en;
			hasScannedForEncodings = 0;
			knownRegions = (
				en,
				Base,
			);
			mainGroup = 29FEC2AC20F540E4004BC55C;
			productRefGroup = 29FEC2B620F540E4004BC55C /* Products */;
			projectDirPath = "";
			projectRoot = "";
			targets = (
				29FEC2B420F540E4004BC55C /* TheFood */,
				29FEC2C820F540EA004BC55C /* TheFoodTests */,
			);
		};
/* End PBXProject section */

/* Begin PBXResourcesBuildPhase section */
		29FEC2B320F540E4004BC55C /* Resources */ = {
			isa = PBXResourcesBuildPhase;
			buildActionMask = 2147483647;
			files = (
				29FEC2C320F540EA004BC55C /* LaunchScreen.storyboard in Resources */,
				29FEC2C020F540EA004BC55C /* Assets.xcassets in Resources */,
				29FEC2BE20F540E4004BC55C /* Main.storyboard in Resources */,
			);
			runOnlyForDeploymentPostprocessing = 0;
		};
		29FEC2C720F540EA004BC55C /* Resources */ = {
			isa = PBXResourcesBuildPhase;
			buildActionMask = 2147483647;
			files = (
			);
			runOnlyForDeploymentPostprocessing = 0;
		};
/* End PBXResourcesBuildPhase section */

/* Begin PBXSourcesBuildPhase section */
		29FEC2B120F540E4004BC55C /* Sources */ = {
			isa = PBXSourcesBuildPhase;
			buildActionMask = 2147483647;
			files = (
				29FEC2BB20F540E4004BC55C /* ViewController.swift in Sources */,
				29FEC2B920F540E4004BC55C /* AppDelegate.swift in Sources */,
			);
			runOnlyForDeploymentPostprocessing = 0;
		};
		29FEC2C520F540EA004BC55C /* Sources */ = {
			isa = PBXSourcesBuildPhase;
			buildActionMask = 2147483647;
			files = (
				29FEC2CE20F540EA004BC55C /* TheFoodTests.swift in Sources */,
			);
			runOnlyForDeploymentPostprocessing = 0;
		};
/* End PBXSourcesBuildPhase section */

/* Begin PBXTargetDependency section */
		29FEC2CB20F540EA004BC55C /* PBXTargetDependency */ = {
			isa = PBXTargetDependency;
			target = 29FEC2B420F540E4004BC55C /* TheFood */;
			targetProxy = 29FEC2CA20F540EA004BC55C /* PBXContainerItemProxy */;
		};
/* End PBXTargetDependency section */

/* Begin PBXVariantGroup section */
		29FEC2BC20F540E4004BC55C /* Main.storyboard */ = {
			isa = PBXVariantGroup;
			children = (
				29FEC2BD20F540E4004BC55C /* Base */,
			);
			name = Main.storyboard;
			sourceTree = "<group>";
		};
		29FEC2C120F540EA004BC55C /* LaunchScreen.storyboard */ = {
			isa = PBXVariantGroup;
			children = (
				29FEC2C220F540EA004BC55C /* Base */,
			);
			name = LaunchScreen.storyboard;
			sourceTree = "<group>";
		};
/* End PBXVariantGroup section */

/* Begin XCBuildConfiguration section */
		29FEC2D020F540EA004BC55C /* Debug */ = {
			isa = XCBuildConfiguration;
			buildSettings = {
				ALWAYS_SEARCH_USER_PATHS = NO;
				CLANG_ANALYZER_NONNULL = YES;
				CLANG_ANALYZER_NUMBER_OBJECT_CONVERSION = YES_AGGRESSIVE;
				CLANG_CXX_LANGUAGE_STANDARD = "gnu++14";
				CLANG_CXX_LIBRARY = "libc++";
				CLANG_ENABLE_MODULES = YES;
				CLANG_ENABLE_OBJC_ARC = YES;
				CLANG_ENABLE_OBJC_WEAK = YES;
				CLANG_WARN_BLOCK_CAPTURE_AUTORELEASING = YES;
				CLANG_WARN_BOOL_CONVERSION = YES;
				CLANG_WARN_COMMA = YES;
				CLANG_WARN_CONSTANT_CONVERSION = YES;
				CLANG_WARN_DEPRECATED_OBJC_IMPLEMENTATIONS = YES;
				CLANG_WARN_DIRECT_OBJC_ISA_USAGE = YES_ERROR;
				CLANG_WARN_DOCUMENTATION_COMMENTS = YES;
				CLANG_WARN_EMPTY_BODY = YES;
				CLANG_WARN_ENUM_CONVERSION = YES;
				CLANG_WARN_INFINITE_RECURSION = YES;
				CLANG_WARN_INT_CONVERSION = YES;
				CLANG_WARN_NON_LITERAL_NULL_CONVERSION = YES;
				CLANG_WARN_OBJC_IMPLICIT_RETAIN_SELF = YES;
				CLANG_WARN_OBJC_LITERAL_CONVERSION = YES;
				CLANG_WARN_OBJC_ROOT_CLASS = YES_ERROR;
				CLANG_WARN_RANGE_LOOP_ANALYSIS = YES;
				CLANG_WARN_STRICT_PROTOTYPES = YES;
				CLANG_WARN_SUSPICIOUS_MOVE = YES;
				CLANG_WARN_UNGUARDED_AVAILABILITY = YES_AGGRESSIVE;
				CLANG_WARN_UNREACHABLE_CODE = YES;
				CLANG_WARN__DUPLICATE_METHOD_MATCH = YES;
				CODE_SIGN_IDENTITY = "iPhone Developer";
				COPY_PHASE_STRIP = NO;
				DEBUG_INFORMATION_FORMAT = dwarf;
				ENABLE_STRICT_OBJC_MSGSEND = YES;
				ENABLE_TESTABILITY = YES;
				GCC_C_LANGUAGE_STANDARD = gnu11;
				GCC_DYNAMIC_NO_PIC = NO;
				GCC_NO_COMMON_BLOCKS = YES;
				GCC_OPTIMIZATION_LEVEL = 0;
				GCC_PREPROCESSOR_DEFINITIONS = (
					"DEBUG=1",
					"$(inherited)",
				);
				GCC_WARN_64_TO_32_BIT_CONVERSION = YES;
				GCC_WARN_ABOUT_RETURN_TYPE = YES_ERROR;
				GCC_WARN_UNDECLARED_SELECTOR = YES;
				GCC_WARN_UNINITIALIZED_AUTOS = YES_AGGRESSIVE;
				GCC_WARN_UNUSED_FUNCTION = YES;
				GCC_WARN_UNUSED_VARIABLE = YES;
				IPHONEOS_DEPLOYMENT_TARGET = 11.4;
				MTL_ENABLE_DEBUG_INFO = YES;
				ONLY_ACTIVE_ARCH = YES;
				SDKROOT = iphoneos;
				SWIFT_ACTIVE_COMPILATION_CONDITIONS = DEBUG;
				SWIFT_OPTIMIZATION_LEVEL = "-Onone";
			};
			name = Debug;
		};
		29FEC2D120F540EA004BC55C /* Release */ = {
			isa = XCBuildConfiguration;
			buildSettings = {
				ALWAYS_SEARCH_USER_PATHS = NO;
				CLANG_ANALYZER_NONNULL = YES;
				CLANG_ANALYZER_NUMBER_OBJECT_CONVERSION = YES_AGGRESSIVE;
				CLANG_CXX_LANGUAGE_STANDARD = "gnu++14";
				CLANG_CXX_LIBRARY = "libc++";
				CLANG_ENABLE_MODULES = YES;
				CLANG_ENABLE_OBJC_ARC = YES;
				CLANG_ENABLE_OBJC_WEAK = YES;
				CLANG_WARN_BLOCK_CAPTURE_AUTORELEASING = YES;
				CLANG_WARN_BOOL_CONVERSION = YES;
				CLANG_WARN_COMMA = YES;
				CLANG_WARN_CONSTANT_CONVERSION = YES;
				CLANG_WARN_DEPRECATED_OBJC_IMPLEMENTATIONS = YES;
				CLANG_WARN_DIRECT_OBJC_ISA_USAGE = YES_ERROR;
				CLANG_WARN_DOCUMENTATION_COMMENTS = YES;
				CLANG_WARN_EMPTY_BODY = YES;
				CLANG_WARN_ENUM_CONVERSION = YES;
				CLANG_WARN_INFINITE_RECURSION = YES;
				CLANG_WARN_INT_CONVERSION = YES;
				CLANG_WARN_NON_LITERAL_NULL_CONVERSION = YES;
				CLANG_WARN_OBJC_IMPLICIT_RETAIN_SELF = YES;
				CLANG_WARN_OBJC_LITERAL_CONVERSION = YES;
				CLANG_WARN_OBJC_ROOT_CLASS = YES_ERROR;
				CLANG_WARN_RANGE_LOOP_ANALYSIS = YES;
				CLANG_WARN_STRICT_PROTOTYPES = YES;
				CLANG_WARN_SUSPICIOUS_MOVE = YES;
				CLANG_WARN_UNGUARDED_AVAILABILITY = YES_AGGRESSIVE;
				CLANG_WARN_UNREACHABLE_CODE = YES;
				CLANG_WARN__DUPLICATE_METHOD_MATCH = YES;
				CODE_SIGN_IDENTITY = "iPhone Developer";
				COPY_PHASE_STRIP = NO;
				DEBUG_INFORMATION_FORMAT = "dwarf-with-dsym";
				ENABLE_NS_ASSERTIONS = NO;
				ENABLE_STRICT_OBJC_MSGSEND = YES;
				GCC_C_LANGUAGE_STANDARD = gnu11;
				GCC_NO_COMMON_BLOCKS = YES;
				GCC_WARN_64_TO_32_BIT_CONVERSION = YES;
				GCC_WARN_ABOUT_RETURN_TYPE = YES_ERROR;
				GCC_WARN_UNDECLARED_SELECTOR = YES;
				GCC_WARN_UNINITIALIZED_AUTOS = YES_AGGRESSIVE;
				GCC_WARN_UNUSED_FUNCTION = YES;
				GCC_WARN_UNUSED_VARIABLE = YES;
				IPHONEOS_DEPLOYMENT_TARGET = 11.4;
				MTL_ENABLE_DEBUG_INFO = NO;
				SDKROOT = iphoneos;
				SWIFT_COMPILATION_MODE = wholemodule;
				SWIFT_OPTIMIZATION_LEVEL = "-O";
				VALIDATE_PRODUCT = YES;
			};
			name = Release;
		};
		29FEC2D320F540EA004BC55C /* Debug */ = {
			isa = XCBuildConfiguration;
			buildSettings = {
				ASSETCATALOG_COMPILER_APPICON_NAME = AppIcon;
				CODE_SIGN_STYLE = Automatic;
				INFOPLIST_FILE = TheFood/Info.plist;
				LD_RUNPATH_SEARCH_PATHS = (
					"$(inherited)",
					"@executable_path/Frameworks",
				);
				PRODUCT_BUNDLE_IDENTIFIER = com.shawn.TheFood;
				PRODUCT_NAME = "$(TARGET_NAME)";
				SWIFT_VERSION = 4.0;
				TARGETED_DEVICE_FAMILY = "1,2";
			};
			name = Debug;
		};
		29FEC2D420F540EA004BC55C /* Release */ = {
			isa = XCBuildConfiguration;
			buildSettings = {
				ASSETCATALOG_COMPILER_APPICON_NAME = AppIcon;
				CODE_SIGN_STYLE = Automatic;
				INFOPLIST_FILE = TheFood/Info.plist;
				LD_RUNPATH_SEARCH_PATHS = (
					"$(inherited)",
					"@executable_path/Frameworks",
				);
				PRODUCT_BUNDLE_IDENTIFIER = com.shawn.TheFood;
				PRODUCT_NAME = "$(TARGET_NAME)";
				SWIFT_VERSION = 4.0;
				TARGETED_DEVICE_FAMILY = "1,2";
			};
			name = Release;
		};
		29FEC2D620F540EA004BC55C /* Debug */ = {
			isa = XCBuildConfiguration;
			buildSettings = {
				ALWAYS_EMBED_SWIFT_STANDARD_LIBRARIES = YES;
				BUNDLE_LOADER = "$(TEST_HOST)";
				CODE_SIGN_STYLE = Automatic;
				INFOPLIST_FILE = TheFoodTests/Info.plist;
				LD_RUNPATH_SEARCH_PATHS = (
					"$(inherited)",
					"@executable_path/Frameworks",
					"@loader_path/Frameworks",
				);
				PRODUCT_BUNDLE_IDENTIFIER = com.shawn.TheFoodTests;
				PRODUCT_NAME = "$(TARGET_NAME)";
				SWIFT_VERSION = 4.0;
				TARGETED_DEVICE_FAMILY = "1,2";
				TEST_HOST = "$(BUILT_PRODUCTS_DIR)/TheFood.app/TheFood";
			};
			name = Debug;
		};
		29FEC2D720F540EA004BC55C /* Release */ = {
			isa = XCBuildConfiguration;
			buildSettings = {
				ALWAYS_EMBED_SWIFT_STANDARD_LIBRARIES = YES;
				BUNDLE_LOADER = "$(TEST_HOST)";
				CODE_SIGN_STYLE = Automatic;
				INFOPLIST_FILE = TheFoodTests/Info.plist;
				LD_RUNPATH_SEARCH_PATHS = (
					"$(inherited)",
					"@executable_path/Frameworks",
					"@loader_path/Frameworks",
				);
				PRODUCT_BUNDLE_IDENTIFIER = com.shawn.TheFoodTests;
				PRODUCT_NAME = "$(TARGET_NAME)";
				SWIFT_VERSION = 4.0;
				TARGETED_DEVICE_FAMILY = "1,2";
				TEST_HOST = "$(BUILT_PRODUCTS_DIR)/TheFood.app/TheFood";
			};
			name = Release;
		};
/* End XCBuildConfiguration section */

/* Begin XCConfigurationList section */
		29FEC2B020F540E4004BC55C /* Build configuration list for PBXProject "TheFood" */ = {
			isa = XCConfigurationList;
			buildConfigurations = (
				29FEC2D020F540EA004BC55C /* Debug */,
				29FEC2D120F540EA004BC55C /* Release */,
			);
			defaultConfigurationIsVisible = 0;
			defaultConfigurationName = Release;
		};
		29FEC2D220F540EA004BC55C /* Build configuration list for PBXNativeTarget "TheFood" */ = {
			isa = XCConfigurationList;
			buildConfigurations = (
				29FEC2D320F540EA004BC55C /* Debug */,
				29FEC2D420F540EA004BC55C /* Release */,
			);
			defaultConfigurationIsVisible = 0;
			defaultConfigurationName = Release;
		};
		29FEC2D520F540EA004BC55C /* Build configuration list for PBXNativeTarget "TheFoodTests" */ = {
			isa = XCConfigurationList;
			buildConfigurations = (
				29FEC2D620F540EA004BC55C /* Debug */,
				29FEC2D720F540EA004BC55C /* Release */,
			);
			defaultConfigurationIsVisible = 0;
			defaultConfigurationName = Release;
		};
/* End XCConfigurationList section */
	};
	rootObject = 29FEC2AD20F540E4004BC55C /* Project object */;
}
